PODS:
  - SnapKit (4.2.0)
  - SVProgressHUD (2.2.5)

DEPENDENCIES:
  - SnapKit (~> 4.2.0)
  - SVProgressHUD (~> 2.1)

SPEC REPOS:
  https://github.com/cocoapods/specs.git:
    - SnapKit
    - SVProgressHUD

SPEC CHECKSUMS:
  SnapKit: fe8a619752f3f27075cc9a90244d75c6c3f27e2a
  SVProgressHUD: 1428aafac632c1f86f62aa4243ec12008d7a51d6

PODFILE CHECKSUM: 5059962c8aed0d4891855087c64de9688f09bf47

COCOAPODS: 1.5.3
