PODS:
  - SnapKit (5.0.0)
  - SVProgressHUD (2.2.5)

DEPENDENCIES:
  - SnapKit (~> 5.0.0)
  - SVProgressHUD (~> 2.1)

SPEC REPOS:
  https://github.com/cocoapods/specs.git:
    - SnapKit
    - SVProgressHUD

SPEC CHECKSUMS:
  SnapKit: fd22d10eb9aff484d79a8724eab922c1ddf89bcf
  SVProgressHUD: 1428aafac632c1f86f62aa4243ec12008d7a51d6

PODFILE CHECKSUM: 03e56513b1655ddded62eddd7594042f512c2314

COCOAPODS: 1.7.4
