// !$*UTF8*$!
{
	archiveVersion = 1;
	classes = {
	};
	objectVersion = 46;
	objects = {

/* Begin PBXBuildFile section */
		103964E41FFB5F7F00DB583A /* ImageCollectionViewCell.swift in Sources */ = {isa = PBXBuildFile; fileRef = 103964E21FFB5F7F00DB583A /* ImageCollectionViewCell.swift */; };
		103964E51FFB5F7F00DB583A /* ImageCollectionViewCell.xib in Resources */ = {isa = PBXBuildFile; fileRef = 103964E31FFB5F7F00DB583A /* ImageCollectionViewCell.xib */; };
		104208212010A2A000A779FC /* TYImagePickerLocalize.strings in Resources */ = {isa = PBXBuildFile; fileRef = 1042081C2010A2A000A779FC /* TYImagePickerLocalize.strings */; };
		104208222010A2A000A779FC /* TYImagePickerLocalize.strings in Resources */ = {isa = PBXBuildFile; fileRef = 1042081F2010A2A000A779FC /* TYImagePickerLocalize.strings */; };
		105C3EDE205A65BE00BE47BA /* PhotoThumbCell.xib in Resources */ = {isa = PBXBuildFile; fileRef = 105C3EDD205A65BE00BE47BA /* PhotoThumbCell.xib */; };
		105C3EE7205A945E00BE47BA /* TYProgressView.swift in Sources */ = {isa = PBXBuildFile; fileRef = 105C3EE6205A945E00BE47BA /* TYProgressView.swift */; };
		1082698E2149215D00FEDA22 /* DetailViewController.swift in Sources */ = {isa = PBXBuildFile; fileRef = 1082698C2149215D00FEDA22 /* DetailViewController.swift */; };
		1082698F2149215D00FEDA22 /* DetailViewController.xib in Resources */ = {isa = PBXBuildFile; fileRef = 1082698D2149215D00FEDA22 /* DetailViewController.xib */; };
		10CE792C1FF72ED90099FB35 /* ViewController.swift in Sources */ = {isa = PBXBuildFile; fileRef = 10CE79041FF72ED90099FB35 /* ViewController.swift */; };
		10CE792D1FF72ED90099FB35 /* Assets.xcassets in Resources */ = {isa = PBXBuildFile; fileRef = 10CE79051FF72ED90099FB35 /* Assets.xcassets */; };
		10CE792E1FF72ED90099FB35 /* LaunchScreen.storyboard in Resources */ = {isa = PBXBuildFile; fileRef = 10CE79081FF72ED90099FB35 /* LaunchScreen.storyboard */; };
		10CE792F1FF72ED90099FB35 /* Main.storyboard in Resources */ = {isa = PBXBuildFile; fileRef = 10CE790A1FF72ED90099FB35 /* Main.storyboard */; };
		10CE79301FF72ED90099FB35 /* AppDelegate.swift in Sources */ = {isa = PBXBuildFile; fileRef = 10CE790C1FF72ED90099FB35 /* AppDelegate.swift */; };
		10CE79621FF72EF10099FB35 /* PhotosManager.swift in Sources */ = {isa = PBXBuildFile; fileRef = 10CE79411FF72EF10099FB35 /* PhotosManager.swift */; };
		10CE79641FF72EF10099FB35 /* TYImagePickerHelper.swift in Sources */ = {isa = PBXBuildFile; fileRef = 10CE79431FF72EF10099FB35 /* TYImagePickerHelper.swift */; };
		10CE79661FF72EF10099FB35 /* CameraPreviewCell.swift in Sources */ = {isa = PBXBuildFile; fileRef = 10CE79461FF72EF10099FB35 /* CameraPreviewCell.swift */; };
		10CE79671FF72EF10099FB35 /* CameraPreviewView.swift in Sources */ = {isa = PBXBuildFile; fileRef = 10CE79471FF72EF10099FB35 /* CameraPreviewView.swift */; };
		10CE79681FF72EF10099FB35 /* CameraHelper.swift in Sources */ = {isa = PBXBuildFile; fileRef = 10CE79481FF72EF10099FB35 /* CameraHelper.swift */; };
		10CE79691FF72EF10099FB35 /* CameraPreviewCell.xib in Resources */ = {isa = PBXBuildFile; fileRef = 10CE79491FF72EF10099FB35 /* CameraPreviewCell.xib */; };
		10CE796A1FF72EF10099FB35 /* PhotoMaskView.swift in Sources */ = {isa = PBXBuildFile; fileRef = 10CE794B1FF72EF10099FB35 /* PhotoMaskView.swift */; };
		10CE796B1FF72EF10099FB35 /* PhotoCropViewController.swift in Sources */ = {isa = PBXBuildFile; fileRef = 10CE794C1FF72EF10099FB35 /* PhotoCropViewController.swift */; };
		10CE796C1FF72EF10099FB35 /* CropImageScrollView.swift in Sources */ = {isa = PBXBuildFile; fileRef = 10CE794D1FF72EF10099FB35 /* CropImageScrollView.swift */; };
		10CE79701FF72EF10099FB35 /* PreviewPhotoViewController.swift in Sources */ = {isa = PBXBuildFile; fileRef = 10CE79521FF72EF10099FB35 /* PreviewPhotoViewController.swift */; };
		10CE79711FF72EF10099FB35 /* TYPhotoBrowserLite.swift in Sources */ = {isa = PBXBuildFile; fileRef = 10CE79531FF72EF10099FB35 /* TYPhotoBrowserLite.swift */; };
		10CE79721FF72EF10099FB35 /* ZoomImageScrollViewLite.swift in Sources */ = {isa = PBXBuildFile; fileRef = 10CE79541FF72EF10099FB35 /* ZoomImageScrollViewLite.swift */; };
		10CE79731FF72EF10099FB35 /* PhotoCollectionLiteCell.swift in Sources */ = {isa = PBXBuildFile; fileRef = 10CE79551FF72EF10099FB35 /* PhotoCollectionLiteCell.swift */; };
		10CE79751FF72EF10099FB35 /* PhotoThumbCell.swift in Sources */ = {isa = PBXBuildFile; fileRef = 10CE79581FF72EF10099FB35 /* PhotoThumbCell.swift */; };
		10CE79761FF72EF10099FB35 /* PhotoColletionViewController.swift in Sources */ = {isa = PBXBuildFile; fileRef = 10CE79591FF72EF10099FB35 /* PhotoColletionViewController.swift */; };
		10CE79771FF72EF10099FB35 /* PhotoAlbumCell.xib in Resources */ = {isa = PBXBuildFile; fileRef = 10CE795B1FF72EF10099FB35 /* PhotoAlbumCell.xib */; };
		10CE79781FF72EF10099FB35 /* PhotoAlbumCell.swift in Sources */ = {isa = PBXBuildFile; fileRef = 10CE795C1FF72EF10099FB35 /* PhotoAlbumCell.swift */; };
		10CE79791FF72EF10099FB35 /* PhotoAlbumView.swift in Sources */ = {isa = PBXBuildFile; fileRef = 10CE795D1FF72EF10099FB35 /* PhotoAlbumView.swift */; };
		10CE797A1FF72EF10099FB35 /* Extension.swift in Sources */ = {isa = PBXBuildFile; fileRef = 10CE795F1FF72EF10099FB35 /* Extension.swift */; };
		10CE797B1FF72EF10099FB35 /* PopViewHelper.swift in Sources */ = {isa = PBXBuildFile; fileRef = 10CE79601FF72EF10099FB35 /* PopViewHelper.swift */; };
		10CE797E1FF730DB0099FB35 /* TYImagePicker.xcassets in Resources */ = {isa = PBXBuildFile; fileRef = 10CE797D1FF730DB0099FB35 /* TYImagePicker.xcassets */; };
		DB07072D855558974CCCA5B9 /* Pods_ImagePickerProject.framework in Frameworks */ = {isa = PBXBuildFile; fileRef = 9E81F196D59D9C20DB1AA34A /* Pods_ImagePickerProject.framework */; };
/* End PBXBuildFile section */

/* Begin PBXFileReference section */
		103964E21FFB5F7F00DB583A /* ImageCollectionViewCell.swift */ = {isa = PBXFileReference; lastKnownFileType = sourcecode.swift; path = ImageCollectionViewCell.swift; sourceTree = "<group>"; };
		103964E31FFB5F7F00DB583A /* ImageCollectionViewCell.xib */ = {isa = PBXFileReference; lastKnownFileType = file.xib; path = ImageCollectionViewCell.xib; sourceTree = "<group>"; };
		1042081D2010A2A000A779FC /* en */ = {isa = PBXFileReference; lastKnownFileType = text.plist.strings; name = en; path = TYImagePickerLocalize.strings; sourceTree = "<group>"; };
		104208202010A2A000A779FC /* zh-Hans */ = {isa = PBXFileReference; lastKnownFileType = text.plist.strings; name = "zh-Hans"; path = TYImagePickerLocalize.strings; sourceTree = "<group>"; };
		105C3EDD205A65BE00BE47BA /* PhotoThumbCell.xib */ = {isa = PBXFileReference; fileEncoding = 4; lastKnownFileType = file.xib; path = PhotoThumbCell.xib; sourceTree = "<group>"; };
		105C3EE6205A945E00BE47BA /* TYProgressView.swift */ = {isa = PBXFileReference; fileEncoding = 4; lastKnownFileType = sourcecode.swift; path = TYProgressView.swift; sourceTree = "<group>"; };
		1082698C2149215D00FEDA22 /* DetailViewController.swift */ = {isa = PBXFileReference; lastKnownFileType = sourcecode.swift; path = DetailViewController.swift; sourceTree = "<group>"; };
		1082698D2149215D00FEDA22 /* DetailViewController.xib */ = {isa = PBXFileReference; lastKnownFileType = file.xib; path = DetailViewController.xib; sourceTree = "<group>"; };
		10CE79041FF72ED90099FB35 /* ViewController.swift */ = {isa = PBXFileReference; fileEncoding = 4; lastKnownFileType = sourcecode.swift; path = ViewController.swift; sourceTree = "<group>"; };
		10CE79051FF72ED90099FB35 /* Assets.xcassets */ = {isa = PBXFileReference; lastKnownFileType = folder.assetcatalog; path = Assets.xcassets; sourceTree = "<group>"; };
		10CE79091FF72ED90099FB35 /* Base */ = {isa = PBXFileReference; lastKnownFileType = file.storyboard; name = Base; path = Base.lproj/LaunchScreen.storyboard; sourceTree = "<group>"; };
		10CE790B1FF72ED90099FB35 /* Base */ = {isa = PBXFileReference; lastKnownFileType = file.storyboard; name = Base; path = Base.lproj/Main.storyboard; sourceTree = "<group>"; };
		10CE790C1FF72ED90099FB35 /* AppDelegate.swift */ = {isa = PBXFileReference; fileEncoding = 4; lastKnownFileType = sourcecode.swift; path = AppDelegate.swift; sourceTree = "<group>"; };
		10CE792B1FF72ED90099FB35 /* Info.plist */ = {isa = PBXFileReference; fileEncoding = 4; lastKnownFileType = text.plist.xml; path = Info.plist; sourceTree = "<group>"; };
		10CE79411FF72EF10099FB35 /* PhotosManager.swift */ = {isa = PBXFileReference; fileEncoding = 4; lastKnownFileType = sourcecode.swift; path = PhotosManager.swift; sourceTree = "<group>"; };
		10CE79431FF72EF10099FB35 /* TYImagePickerHelper.swift */ = {isa = PBXFileReference; fileEncoding = 4; lastKnownFileType = sourcecode.swift; path = TYImagePickerHelper.swift; sourceTree = "<group>"; };
		10CE79461FF72EF10099FB35 /* CameraPreviewCell.swift */ = {isa = PBXFileReference; fileEncoding = 4; lastKnownFileType = sourcecode.swift; path = CameraPreviewCell.swift; sourceTree = "<group>"; };
		10CE79471FF72EF10099FB35 /* CameraPreviewView.swift */ = {isa = PBXFileReference; fileEncoding = 4; lastKnownFileType = sourcecode.swift; path = CameraPreviewView.swift; sourceTree = "<group>"; };
		10CE79481FF72EF10099FB35 /* CameraHelper.swift */ = {isa = PBXFileReference; fileEncoding = 4; lastKnownFileType = sourcecode.swift; path = CameraHelper.swift; sourceTree = "<group>"; };
		10CE79491FF72EF10099FB35 /* CameraPreviewCell.xib */ = {isa = PBXFileReference; fileEncoding = 4; lastKnownFileType = file.xib; path = CameraPreviewCell.xib; sourceTree = "<group>"; };
		10CE794B1FF72EF10099FB35 /* PhotoMaskView.swift */ = {isa = PBXFileReference; fileEncoding = 4; lastKnownFileType = sourcecode.swift; path = PhotoMaskView.swift; sourceTree = "<group>"; };
		10CE794C1FF72EF10099FB35 /* PhotoCropViewController.swift */ = {isa = PBXFileReference; fileEncoding = 4; lastKnownFileType = sourcecode.swift; path = PhotoCropViewController.swift; sourceTree = "<group>"; };
		10CE794D1FF72EF10099FB35 /* CropImageScrollView.swift */ = {isa = PBXFileReference; fileEncoding = 4; lastKnownFileType = sourcecode.swift; path = CropImageScrollView.swift; sourceTree = "<group>"; };
		10CE79521FF72EF10099FB35 /* PreviewPhotoViewController.swift */ = {isa = PBXFileReference; fileEncoding = 4; lastKnownFileType = sourcecode.swift; path = PreviewPhotoViewController.swift; sourceTree = "<group>"; };
		10CE79531FF72EF10099FB35 /* TYPhotoBrowserLite.swift */ = {isa = PBXFileReference; fileEncoding = 4; lastKnownFileType = sourcecode.swift; path = TYPhotoBrowserLite.swift; sourceTree = "<group>"; };
		10CE79541FF72EF10099FB35 /* ZoomImageScrollViewLite.swift */ = {isa = PBXFileReference; fileEncoding = 4; lastKnownFileType = sourcecode.swift; path = ZoomImageScrollViewLite.swift; sourceTree = "<group>"; };
		10CE79551FF72EF10099FB35 /* PhotoCollectionLiteCell.swift */ = {isa = PBXFileReference; fileEncoding = 4; lastKnownFileType = sourcecode.swift; path = PhotoCollectionLiteCell.swift; sourceTree = "<group>"; };
		10CE79581FF72EF10099FB35 /* PhotoThumbCell.swift */ = {isa = PBXFileReference; fileEncoding = 4; lastKnownFileType = sourcecode.swift; path = PhotoThumbCell.swift; sourceTree = "<group>"; };
		10CE79591FF72EF10099FB35 /* PhotoColletionViewController.swift */ = {isa = PBXFileReference; fileEncoding = 4; lastKnownFileType = sourcecode.swift; path = PhotoColletionViewController.swift; sourceTree = "<group>"; };
		10CE795B1FF72EF10099FB35 /* PhotoAlbumCell.xib */ = {isa = PBXFileReference; fileEncoding = 4; lastKnownFileType = file.xib; path = PhotoAlbumCell.xib; sourceTree = "<group>"; };
		10CE795C1FF72EF10099FB35 /* PhotoAlbumCell.swift */ = {isa = PBXFileReference; fileEncoding = 4; lastKnownFileType = sourcecode.swift; path = PhotoAlbumCell.swift; sourceTree = "<group>"; };
		10CE795D1FF72EF10099FB35 /* PhotoAlbumView.swift */ = {isa = PBXFileReference; fileEncoding = 4; lastKnownFileType = sourcecode.swift; path = PhotoAlbumView.swift; sourceTree = "<group>"; };
		10CE795F1FF72EF10099FB35 /* Extension.swift */ = {isa = PBXFileReference; fileEncoding = 4; lastKnownFileType = sourcecode.swift; path = Extension.swift; sourceTree = "<group>"; };
		10CE79601FF72EF10099FB35 /* PopViewHelper.swift */ = {isa = PBXFileReference; fileEncoding = 4; lastKnownFileType = sourcecode.swift; path = PopViewHelper.swift; sourceTree = "<group>"; };
		10CE797D1FF730DB0099FB35 /* TYImagePicker.xcassets */ = {isa = PBXFileReference; lastKnownFileType = folder.assetcatalog; path = TYImagePicker.xcassets; sourceTree = "<group>"; };
		30193EB4488311F7EE4A4CBB /* Pods-ImagePickerProject.debug.xcconfig */ = {isa = PBXFileReference; includeInIndex = 1; lastKnownFileType = text.xcconfig; name = "Pods-ImagePickerProject.debug.xcconfig"; path = "Pods/Target Support Files/Pods-ImagePickerProject/Pods-ImagePickerProject.debug.xcconfig"; sourceTree = "<group>"; };
		95A5E52D98A73A4239134B4F /* Pods-ImagePickerProject.release.xcconfig */ = {isa = PBXFileReference; includeInIndex = 1; lastKnownFileType = text.xcconfig; name = "Pods-ImagePickerProject.release.xcconfig"; path = "Pods/Target Support Files/Pods-ImagePickerProject/Pods-ImagePickerProject.release.xcconfig"; sourceTree = "<group>"; };
		9E81F196D59D9C20DB1AA34A /* Pods_ImagePickerProject.framework */ = {isa = PBXFileReference; explicitFileType = wrapper.framework; includeInIndex = 0; path = Pods_ImagePickerProject.framework; sourceTree = BUILT_PRODUCTS_DIR; };
		CF2C77EE1C89613700B72821 /* ImagePickerProject.app */ = {isa = PBXFileReference; explicitFileType = wrapper.application; includeInIndex = 0; path = ImagePickerProject.app; sourceTree = BUILT_PRODUCTS_DIR; };
/* End PBXFileReference section */

/* Begin PBXFrameworksBuildPhase section */
		CF2C77EB1C89613700B72821 /* Frameworks */ = {
			isa = PBXFrameworksBuildPhase;
			buildActionMask = 2147483647;
			files = (
				DB07072D855558974CCCA5B9 /* Pods_ImagePickerProject.framework in Frameworks */,
			);
			runOnlyForDeploymentPostprocessing = 0;
		};
/* End PBXFrameworksBuildPhase section */

/* Begin PBXGroup section */
		1042081B2010A2A000A779FC /* en.lproj */ = {
			isa = PBXGroup;
			children = (
				1042081C2010A2A000A779FC /* TYImagePickerLocalize.strings */,
			);
			path = en.lproj;
			sourceTree = "<group>";
		};
		1042081E2010A2A000A779FC /* zh-Hans.lproj */ = {
			isa = PBXGroup;
			children = (
				1042081F2010A2A000A779FC /* TYImagePickerLocalize.strings */,
			);
			path = "zh-Hans.lproj";
			sourceTree = "<group>";
		};
		10CE79031FF72ED90099FB35 /* ImagePickerDemo */ = {
			isa = PBXGroup;
			children = (
				10CE79041FF72ED90099FB35 /* ViewController.swift */,
				1082698C2149215D00FEDA22 /* DetailViewController.swift */,
				1082698D2149215D00FEDA22 /* DetailViewController.xib */,
				10CE79051FF72ED90099FB35 /* Assets.xcassets */,
				10CE79061FF72ED90099FB35 /* SupportFile */,
				10CE79081FF72ED90099FB35 /* LaunchScreen.storyboard */,
				10CE790A1FF72ED90099FB35 /* Main.storyboard */,
				10CE790C1FF72ED90099FB35 /* AppDelegate.swift */,
				10CE792B1FF72ED90099FB35 /* Info.plist */,
				103964E21FFB5F7F00DB583A /* ImageCollectionViewCell.swift */,
				103964E31FFB5F7F00DB583A /* ImageCollectionViewCell.xib */,
			);
			path = ImagePickerDemo;
			sourceTree = "<group>";
		};
		10CE79061FF72ED90099FB35 /* SupportFile */ = {
			isa = PBXGroup;
			children = (
			);
			path = SupportFile;
			sourceTree = "<group>";
		};
		10CE79401FF72EF10099FB35 /* Sources */ = {
			isa = PBXGroup;
			children = (
				10CE79411FF72EF10099FB35 /* PhotosManager.swift */,
				10CE79431FF72EF10099FB35 /* TYImagePickerHelper.swift */,
				10CE79451FF72EF10099FB35 /* Camera */,
				10CE794A1FF72EF10099FB35 /* Crop */,
				10CE79511FF72EF10099FB35 /* PhotoBrowser */,
				10CE79561FF72EF10099FB35 /* Main */,
				10CE795A1FF72EF10099FB35 /* Album */,
				10CE795E1FF72EF10099FB35 /* Tool */,
				10CE797D1FF730DB0099FB35 /* TYImagePicker.xcassets */,
				1042081B2010A2A000A779FC /* en.lproj */,
				1042081E2010A2A000A779FC /* zh-Hans.lproj */,
			);
			path = Sources;
			sourceTree = "<group>";
		};
		10CE79451FF72EF10099FB35 /* Camera */ = {
			isa = PBXGroup;
			children = (
				10CE79461FF72EF10099FB35 /* CameraPreviewCell.swift */,
				10CE79471FF72EF10099FB35 /* CameraPreviewView.swift */,
				10CE79481FF72EF10099FB35 /* CameraHelper.swift */,
				10CE79491FF72EF10099FB35 /* CameraPreviewCell.xib */,
			);
			path = Camera;
			sourceTree = "<group>";
		};
		10CE794A1FF72EF10099FB35 /* Crop */ = {
			isa = PBXGroup;
			children = (
				10CE794B1FF72EF10099FB35 /* PhotoMaskView.swift */,
				10CE794C1FF72EF10099FB35 /* PhotoCropViewController.swift */,
				10CE794D1FF72EF10099FB35 /* CropImageScrollView.swift */,
			);
			path = Crop;
			sourceTree = "<group>";
		};
		10CE79511FF72EF10099FB35 /* PhotoBrowser */ = {
			isa = PBXGroup;
			children = (
				10CE79521FF72EF10099FB35 /* PreviewPhotoViewController.swift */,
				10CE79531FF72EF10099FB35 /* TYPhotoBrowserLite.swift */,
				10CE79541FF72EF10099FB35 /* ZoomImageScrollViewLite.swift */,
				10CE79551FF72EF10099FB35 /* PhotoCollectionLiteCell.swift */,
			);
			path = PhotoBrowser;
			sourceTree = "<group>";
		};
		10CE79561FF72EF10099FB35 /* Main */ = {
			isa = PBXGroup;
			children = (
				105C3EDD205A65BE00BE47BA /* PhotoThumbCell.xib */,
				10CE79581FF72EF10099FB35 /* PhotoThumbCell.swift */,
				10CE79591FF72EF10099FB35 /* PhotoColletionViewController.swift */,
			);
			path = Main;
			sourceTree = "<group>";
		};
		10CE795A1FF72EF10099FB35 /* Album */ = {
			isa = PBXGroup;
			children = (
				10CE795B1FF72EF10099FB35 /* PhotoAlbumCell.xib */,
				10CE795C1FF72EF10099FB35 /* PhotoAlbumCell.swift */,
				10CE795D1FF72EF10099FB35 /* PhotoAlbumView.swift */,
			);
			path = Album;
			sourceTree = "<group>";
		};
		10CE795E1FF72EF10099FB35 /* Tool */ = {
			isa = PBXGroup;
			children = (
				105C3EE6205A945E00BE47BA /* TYProgressView.swift */,
				10CE795F1FF72EF10099FB35 /* Extension.swift */,
				10CE79601FF72EF10099FB35 /* PopViewHelper.swift */,
			);
			path = Tool;
			sourceTree = "<group>";
		};
		9E6755B29B526CAFA2AEFB02 /* Frameworks */ = {
			isa = PBXGroup;
			children = (
				9E81F196D59D9C20DB1AA34A /* Pods_ImagePickerProject.framework */,
			);
			name = Frameworks;
			sourceTree = "<group>";
		};
		9F83594CA809A6E91D048020 /* Pods */ = {
			isa = PBXGroup;
			children = (
				30193EB4488311F7EE4A4CBB /* Pods-ImagePickerProject.debug.xcconfig */,
				95A5E52D98A73A4239134B4F /* Pods-ImagePickerProject.release.xcconfig */,
			);
			name = Pods;
			sourceTree = "<group>";
		};
		CF2C77E51C89613700B72821 = {
			isa = PBXGroup;
			children = (
				10CE79401FF72EF10099FB35 /* Sources */,
				10CE79031FF72ED90099FB35 /* ImagePickerDemo */,
				CF2C77EF1C89613700B72821 /* Products */,
				9F83594CA809A6E91D048020 /* Pods */,
				9E6755B29B526CAFA2AEFB02 /* Frameworks */,
			);
			sourceTree = "<group>";
		};
		CF2C77EF1C89613700B72821 /* Products */ = {
			isa = PBXGroup;
			children = (
				CF2C77EE1C89613700B72821 /* ImagePickerProject.app */,
			);
			name = Products;
			sourceTree = "<group>";
		};
/* End PBXGroup section */

/* Begin PBXNativeTarget section */
		CF2C77ED1C89613700B72821 /* ImagePickerProject */ = {
			isa = PBXNativeTarget;
			buildConfigurationList = CF2C78001C89613700B72821 /* Build configuration list for PBXNativeTarget "ImagePickerProject" */;
			buildPhases = (
				226264370DA4127C849AD525 /* [CP] Check Pods Manifest.lock */,
				CF2C77EA1C89613700B72821 /* Sources */,
				CF2C77EB1C89613700B72821 /* Frameworks */,
				CF2C77EC1C89613700B72821 /* Resources */,
				A996329BAC19C25F18D41370 /* [CP] Embed Pods Frameworks */,
				AF2F118616715325DDF2F2D2 /* [CP] Copy Pods Resources */,
			);
			buildRules = (
			);
			dependencies = (
			);
			name = ImagePickerProject;
			productName = ImagePickerProject;
			productReference = CF2C77EE1C89613700B72821 /* ImagePickerProject.app */;
			productType = "com.apple.product-type.application";
		};
/* End PBXNativeTarget section */

/* Begin PBXProject section */
		CF2C77E61C89613700B72821 /* Project object */ = {
			isa = PBXProject;
			attributes = {
				LastSwiftUpdateCheck = 0720;
				LastUpgradeCheck = 0720;
				ORGANIZATIONNAME = "";
				TargetAttributes = {
					CF2C77ED1C89613700B72821 = {
						CreatedOnToolsVersion = 7.2;
						DevelopmentTeam = W5PEWS45E5;
						LastSwiftMigration = 0920;
						ProvisioningStyle = Manual;
					};
				};
			};
			buildConfigurationList = CF2C77E91C89613700B72821 /* Build configuration list for PBXProject "ImagePickerProject" */;
			compatibilityVersion = "Xcode 3.2";
			developmentRegion = English;
			hasScannedForEncodings = 0;
			knownRegions = (
				en,
				Base,
				"zh-Hans",
			);
			mainGroup = CF2C77E51C89613700B72821;
			productRefGroup = CF2C77EF1C89613700B72821 /* Products */;
			projectDirPath = "";
			projectRoot = "";
			targets = (
				CF2C77ED1C89613700B72821 /* ImagePickerProject */,
			);
		};
/* End PBXProject section */

/* Begin PBXResourcesBuildPhase section */
		CF2C77EC1C89613700B72821 /* Resources */ = {
			isa = PBXResourcesBuildPhase;
			buildActionMask = 2147483647;
			files = (
				10CE797E1FF730DB0099FB35 /* TYImagePicker.xcassets in Resources */,
				10CE79691FF72EF10099FB35 /* CameraPreviewCell.xib in Resources */,
				104208222010A2A000A779FC /* TYImagePickerLocalize.strings in Resources */,
				10CE79771FF72EF10099FB35 /* PhotoAlbumCell.xib in Resources */,
				105C3EDE205A65BE00BE47BA /* PhotoThumbCell.xib in Resources */,
				10CE792F1FF72ED90099FB35 /* Main.storyboard in Resources */,
				1082698F2149215D00FEDA22 /* DetailViewController.xib in Resources */,
				104208212010A2A000A779FC /* TYImagePickerLocalize.strings in Resources */,
				10CE792D1FF72ED90099FB35 /* Assets.xcassets in Resources */,
				103964E51FFB5F7F00DB583A /* ImageCollectionViewCell.xib in Resources */,
				10CE792E1FF72ED90099FB35 /* LaunchScreen.storyboard in Resources */,
			);
			runOnlyForDeploymentPostprocessing = 0;
		};
/* End PBXResourcesBuildPhase section */

/* Begin PBXShellScriptBuildPhase section */
		226264370DA4127C849AD525 /* [CP] Check Pods Manifest.lock */ = {
			isa = PBXShellScriptBuildPhase;
			buildActionMask = 2147483647;
			files = (
			);
			inputPaths = (
				"${PODS_PODFILE_DIR_PATH}/Podfile.lock",
				"${PODS_ROOT}/Manifest.lock",
			);
			name = "[CP] Check Pods Manifest.lock";
			outputPaths = (
				"$(DERIVED_FILE_DIR)/Pods-ImagePickerProject-checkManifestLockResult.txt",
			);
			runOnlyForDeploymentPostprocessing = 0;
			shellPath = /bin/sh;
			shellScript = "diff \"${PODS_PODFILE_DIR_PATH}/Podfile.lock\" \"${PODS_ROOT}/Manifest.lock\" > /dev/null\nif [ $? != 0 ] ; then\n    # print error to STDERR\n    echo \"error: The sandbox is not in sync with the Podfile.lock. Run 'pod install' or update your CocoaPods installation.\" >&2\n    exit 1\nfi\n# This output is used by Xcode 'outputs' to avoid re-running this script phase.\necho \"SUCCESS\" > \"${SCRIPT_OUTPUT_FILE_0}\"\n";
			showEnvVarsInLog = 0;
		};
		A996329BAC19C25F18D41370 /* [CP] Embed Pods Frameworks */ = {
			isa = PBXShellScriptBuildPhase;
			buildActionMask = 2147483647;
			files = (
			);
			inputPaths = (
				"${SRCROOT}/Pods/Target Support Files/Pods-ImagePickerProject/Pods-ImagePickerProject-frameworks.sh",
				"${BUILT_PRODUCTS_DIR}/SVProgressHUD/SVProgressHUD.framework",
				"${BUILT_PRODUCTS_DIR}/SnapKit/SnapKit.framework",
			);
			name = "[CP] Embed Pods Frameworks";
			outputPaths = (
				"${TARGET_BUILD_DIR}/${FRAMEWORKS_FOLDER_PATH}/SVProgressHUD.framework",
				"${TARGET_BUILD_DIR}/${FRAMEWORKS_FOLDER_PATH}/SnapKit.framework",
			);
			runOnlyForDeploymentPostprocessing = 0;
			shellPath = /bin/sh;
			shellScript = "\"${SRCROOT}/Pods/Target Support Files/Pods-ImagePickerProject/Pods-ImagePickerProject-frameworks.sh\"\n";
			showEnvVarsInLog = 0;
		};
		AF2F118616715325DDF2F2D2 /* [CP] Copy Pods Resources */ = {
			isa = PBXShellScriptBuildPhase;
			buildActionMask = 2147483647;
			files = (
			);
			inputPaths = (
			);
			name = "[CP] Copy Pods Resources";
			outputPaths = (
			);
			runOnlyForDeploymentPostprocessing = 0;
			shellPath = /bin/sh;
			shellScript = "\"${SRCROOT}/Pods/Target Support Files/Pods-ImagePickerProject/Pods-ImagePickerProject-resources.sh\"\n";
			showEnvVarsInLog = 0;
		};
/* End PBXShellScriptBuildPhase section */

/* Begin PBXSourcesBuildPhase section */
		CF2C77EA1C89613700B72821 /* Sources */ = {
			isa = PBXSourcesBuildPhase;
			buildActionMask = 2147483647;
			files = (
				10CE79781FF72EF10099FB35 /* PhotoAlbumCell.swift in Sources */,
				10CE79661FF72EF10099FB35 /* CameraPreviewCell.swift in Sources */,
				1082698E2149215D00FEDA22 /* DetailViewController.swift in Sources */,
				10CE79621FF72EF10099FB35 /* PhotosManager.swift in Sources */,
				103964E41FFB5F7F00DB583A /* ImageCollectionViewCell.swift in Sources */,
				105C3EE7205A945E00BE47BA /* TYProgressView.swift in Sources */,
				10CE79791FF72EF10099FB35 /* PhotoAlbumView.swift in Sources */,
				10CE797B1FF72EF10099FB35 /* PopViewHelper.swift in Sources */,
				10CE79751FF72EF10099FB35 /* PhotoThumbCell.swift in Sources */,
				10CE796C1FF72EF10099FB35 /* CropImageScrollView.swift in Sources */,
				10CE796B1FF72EF10099FB35 /* PhotoCropViewController.swift in Sources */,
				10CE79681FF72EF10099FB35 /* CameraHelper.swift in Sources */,
				10CE79641FF72EF10099FB35 /* TYImagePickerHelper.swift in Sources */,
				10CE797A1FF72EF10099FB35 /* Extension.swift in Sources */,
				10CE79701FF72EF10099FB35 /* PreviewPhotoViewController.swift in Sources */,
				10CE79301FF72ED90099FB35 /* AppDelegate.swift in Sources */,
				10CE79671FF72EF10099FB35 /* CameraPreviewView.swift in Sources */,
				10CE79721FF72EF10099FB35 /* ZoomImageScrollViewLite.swift in Sources */,
				10CE79761FF72EF10099FB35 /* PhotoColletionViewController.swift in Sources */,
				10CE79711FF72EF10099FB35 /* TYPhotoBrowserLite.swift in Sources */,
				10CE79731FF72EF10099FB35 /* PhotoCollectionLiteCell.swift in Sources */,
				10CE796A1FF72EF10099FB35 /* PhotoMaskView.swift in Sources */,
				10CE792C1FF72ED90099FB35 /* ViewController.swift in Sources */,
			);
			runOnlyForDeploymentPostprocessing = 0;
		};
/* End PBXSourcesBuildPhase section */

/* Begin PBXVariantGroup section */
		1042081C2010A2A000A779FC /* TYImagePickerLocalize.strings */ = {
			isa = PBXVariantGroup;
			children = (
				1042081D2010A2A000A779FC /* en */,
			);
			name = TYImagePickerLocalize.strings;
			sourceTree = "<group>";
		};
		1042081F2010A2A000A779FC /* TYImagePickerLocalize.strings */ = {
			isa = PBXVariantGroup;
			children = (
				104208202010A2A000A779FC /* zh-Hans */,
			);
			name = TYImagePickerLocalize.strings;
			sourceTree = "<group>";
		};
		10CE79081FF72ED90099FB35 /* LaunchScreen.storyboard */ = {
			isa = PBXVariantGroup;
			children = (
				10CE79091FF72ED90099FB35 /* Base */,
			);
			name = LaunchScreen.storyboard;
			sourceTree = "<group>";
		};
		10CE790A1FF72ED90099FB35 /* Main.storyboard */ = {
			isa = PBXVariantGroup;
			children = (
				10CE790B1FF72ED90099FB35 /* Base */,
			);
			name = Main.storyboard;
			sourceTree = "<group>";
		};
/* End PBXVariantGroup section */

/* Begin XCBuildConfiguration section */
		CF2C77FE1C89613700B72821 /* Debug */ = {
			isa = XCBuildConfiguration;
			buildSettings = {
				ALWAYS_SEARCH_USER_PATHS = NO;
				CLANG_CXX_LANGUAGE_STANDARD = "gnu++0x";
				CLANG_CXX_LIBRARY = "libc++";
				CLANG_ENABLE_MODULES = YES;
				CLANG_ENABLE_OBJC_ARC = YES;
				CLANG_WARN_BOOL_CONVERSION = YES;
				CLANG_WARN_CONSTANT_CONVERSION = YES;
				CLANG_WARN_DIRECT_OBJC_ISA_USAGE = YES_ERROR;
				CLANG_WARN_EMPTY_BODY = YES;
				CLANG_WARN_ENUM_CONVERSION = YES;
				CLANG_WARN_INT_CONVERSION = YES;
				CLANG_WARN_OBJC_ROOT_CLASS = YES_ERROR;
				CLANG_WARN_UNREACHABLE_CODE = YES;
				CLANG_WARN__DUPLICATE_METHOD_MATCH = YES;
				"CODE_SIGN_IDENTITY[sdk=iphoneos*]" = "iPhone Developer";
				COPY_PHASE_STRIP = NO;
				DEBUG_INFORMATION_FORMAT = dwarf;
				ENABLE_STRICT_OBJC_MSGSEND = YES;
				ENABLE_TESTABILITY = YES;
				GCC_C_LANGUAGE_STANDARD = gnu99;
				GCC_DYNAMIC_NO_PIC = NO;
				GCC_NO_COMMON_BLOCKS = YES;
				GCC_OPTIMIZATION_LEVEL = 0;
				GCC_PREPROCESSOR_DEFINITIONS = (
					"DEBUG=1",
					"$(inherited)",
				);
				GCC_WARN_64_TO_32_BIT_CONVERSION = YES;
				GCC_WARN_ABOUT_RETURN_TYPE = YES_ERROR;
				GCC_WARN_UNDECLARED_SELECTOR = YES;
				GCC_WARN_UNINITIALIZED_AUTOS = YES_AGGRESSIVE;
				GCC_WARN_UNUSED_FUNCTION = YES;
				GCC_WARN_UNUSED_VARIABLE = YES;
				IPHONEOS_DEPLOYMENT_TARGET = 9.0;
				MTL_ENABLE_DEBUG_INFO = YES;
				ONLY_ACTIVE_ARCH = YES;
				SDKROOT = iphoneos;
				SWIFT_OPTIMIZATION_LEVEL = "-Onone";
			};
			name = Debug;
		};
		CF2C77FF1C89613700B72821 /* Release */ = {
			isa = XCBuildConfiguration;
			buildSettings = {
				ALWAYS_SEARCH_USER_PATHS = NO;
				CLANG_CXX_LANGUAGE_STANDARD = "gnu++0x";
				CLANG_CXX_LIBRARY = "libc++";
				CLANG_ENABLE_MODULES = YES;
				CLANG_ENABLE_OBJC_ARC = YES;
				CLANG_WARN_BOOL_CONVERSION = YES;
				CLANG_WARN_CONSTANT_CONVERSION = YES;
				CLANG_WARN_DIRECT_OBJC_ISA_USAGE = YES_ERROR;
				CLANG_WARN_EMPTY_BODY = YES;
				CLANG_WARN_ENUM_CONVERSION = YES;
				CLANG_WARN_INT_CONVERSION = YES;
				CLANG_WARN_OBJC_ROOT_CLASS = YES_ERROR;
				CLANG_WARN_UNREACHABLE_CODE = YES;
				CLANG_WARN__DUPLICATE_METHOD_MATCH = YES;
				"CODE_SIGN_IDENTITY[sdk=iphoneos*]" = "iPhone Developer";
				COPY_PHASE_STRIP = NO;
				DEBUG_INFORMATION_FORMAT = "dwarf-with-dsym";
				ENABLE_NS_ASSERTIONS = NO;
				ENABLE_STRICT_OBJC_MSGSEND = YES;
				GCC_C_LANGUAGE_STANDARD = gnu99;
				GCC_NO_COMMON_BLOCKS = YES;
				GCC_WARN_64_TO_32_BIT_CONVERSION = YES;
				GCC_WARN_ABOUT_RETURN_TYPE = YES_ERROR;
				GCC_WARN_UNDECLARED_SELECTOR = YES;
				GCC_WARN_UNINITIALIZED_AUTOS = YES_AGGRESSIVE;
				GCC_WARN_UNUSED_FUNCTION = YES;
				GCC_WARN_UNUSED_VARIABLE = YES;
				IPHONEOS_DEPLOYMENT_TARGET = 9.0;
				MTL_ENABLE_DEBUG_INFO = NO;
				SDKROOT = iphoneos;
				VALIDATE_PRODUCT = YES;
			};
			name = Release;
		};
		CF2C78011C89613700B72821 /* Debug */ = {
			isa = XCBuildConfiguration;
			baseConfigurationReference = 30193EB4488311F7EE4A4CBB /* Pods-ImagePickerProject.debug.xcconfig */;
			buildSettings = {
				ASSETCATALOG_COMPILER_APPICON_NAME = AppIcon;
				CLANG_ENABLE_MODULES = YES;
				CODE_SIGN_IDENTITY = "iPhone Developer";
				"CODE_SIGN_IDENTITY[sdk=iphoneos*]" = "iPhone Developer";
				CODE_SIGN_STYLE = Manual;
				DEVELOPMENT_TEAM = W5PEWS45E5;
				INFOPLIST_FILE = "$(SRCROOT)/ImagePickerDemo/Info.plist";
				IPHONEOS_DEPLOYMENT_TARGET = 9.0;
				LD_RUNPATH_SEARCH_PATHS = "$(inherited) @executable_path/Frameworks";
				PRODUCT_BUNDLE_IDENTIFIER = com.ty.imagePicker;
				PRODUCT_NAME = "$(TARGET_NAME)";
				PROVISIONING_PROFILE = "";
				PROVISIONING_PROFILE_SPECIFIER = DevelopmentGeneral;
				SWIFT_OBJC_BRIDGING_HEADER = "";
				SWIFT_OPTIMIZATION_LEVEL = "-Onone";
				SWIFT_SWIFT3_OBJC_INFERENCE = Default;
				SWIFT_VERSION = 4.0;
			};
			name = Debug;
		};
		CF2C78021C89613700B72821 /* Release */ = {
			isa = XCBuildConfiguration;
			baseConfigurationReference = 95A5E52D98A73A4239134B4F /* Pods-ImagePickerProject.release.xcconfig */;
			buildSettings = {
				ASSETCATALOG_COMPILER_APPICON_NAME = AppIcon;
				CLANG_ENABLE_MODULES = YES;
				CODE_SIGN_IDENTITY = "iPhone Developer";
				"CODE_SIGN_IDENTITY[sdk=iphoneos*]" = "iPhone Developer";
				CODE_SIGN_STYLE = Manual;
				DEVELOPMENT_TEAM = "";
				INFOPLIST_FILE = "$(SRCROOT)/ImagePickerDemo/Info.plist";
				IPHONEOS_DEPLOYMENT_TARGET = 9.0;
				LD_RUNPATH_SEARCH_PATHS = "$(inherited) @executable_path/Frameworks";
				PRODUCT_BUNDLE_IDENTIFIER = com.ty.imagePicker;
				PRODUCT_NAME = "$(TARGET_NAME)";
				PROVISIONING_PROFILE = "";
				PROVISIONING_PROFILE_SPECIFIER = "";
				SWIFT_OBJC_BRIDGING_HEADER = "";
				SWIFT_SWIFT3_OBJC_INFERENCE = Default;
				SWIFT_VERSION = 4.0;
			};
			name = Release;
		};
/* End XCBuildConfiguration section */

/* Begin XCConfigurationList section */
		CF2C77E91C89613700B72821 /* Build configuration list for PBXProject "ImagePickerProject" */ = {
			isa = XCConfigurationList;
			buildConfigurations = (
				CF2C77FE1C89613700B72821 /* Debug */,
				CF2C77FF1C89613700B72821 /* Release */,
			);
			defaultConfigurationIsVisible = 0;
			defaultConfigurationName = Release;
		};
		CF2C78001C89613700B72821 /* Build configuration list for PBXNativeTarget "ImagePickerProject" */ = {
			isa = XCConfigurationList;
			buildConfigurations = (
				CF2C78011C89613700B72821 /* Debug */,
				CF2C78021C89613700B72821 /* Release */,
			);
			defaultConfigurationIsVisible = 0;
			defaultConfigurationName = Release;
		};
/* End XCConfigurationList section */
	};
	rootObject = CF2C77E61C89613700B72821 /* Project object */;
}
